
Microsoft Visual Studio Solution File, Format Version 12.00
# Visual Studio Express 2012 for Windows Desktop
Project("{FAE04EC0-301F-11D3-BF4B-00C04F79EFBC}") = "EjemploComboBox", "EjemploComboBox\EjemploComboBox.csproj", "{B1612B6D-A7DC-469A-B98C-61967A5BDEBC}"
EndProject
Global
	GlobalSection(SolutionConfigurationPlatforms) = preSolution
		Debug|Any CPU = Debug|Any CPU
		Release|Any CPU = Release|Any CPU
	EndGlobalSection
	GlobalSection(ProjectConfigurationPlatforms) = postSolution
		{B1612B6D-A7DC-469A-B98C-61967A5BDEBC}.Debug|Any CPU.ActiveCfg = Debug|Any CPU
		{B1612B6D-A7DC-469A-B98C-61967A5BDEBC}.Debug|Any CPU.Build.0 = Debug|Any CPU
		{B1612B6D-A7DC-469A-B98C-61967A5BDEBC}.Release|Any CPU.ActiveCfg = Release|Any CPU
		{B1612B6D-A7DC-469A-B98C-61967A5BDEBC}.Release|Any CPU.Build.0 = Release|Any CPU
	EndGlobalSection
	GlobalSection(SolutionProperties) = preSolution
		HideSolutionNode = FALSE
	EndGlobalSection
EndGlobal
